// !$*UTF8*$!
{
	archiveVersion = 1;
	classes = {
	};
	objectVersion = 46;
	objects = {

/* Begin PBXBuildFile section */
		416E447F1C72B51400890622 /* AppDelegate.swift in Sources */ = {isa = PBXBuildFile; fileRef = 416E447E1C72B51400890622 /* AppDelegate.swift */; };
		416E44811C72B51400890622 /* ViewController.swift in Sources */ = {isa = PBXBuildFile; fileRef = 416E44801C72B51400890622 /* ViewController.swift */; };
		416E44841C72B51400890622 /* Main.storyboard in Resources */ = {isa = PBXBuildFile; fileRef = 416E44821C72B51400890622 /* Main.storyboard */; };
		416E44861C72B51400890622 /* Assets.xcassets in Resources */ = {isa = PBXBuildFile; fileRef = 416E44851C72B51400890622 /* Assets.xcassets */; };
		416E44891C72B51400890622 /* LaunchScreen.storyboard in Resources */ = {isa = PBXBuildFile; fileRef = 416E44871C72B51400890622 /* LaunchScreen.storyboard */; };
/* End PBXBuildFile section */

/* Begin PBXFileReference section */
		416E447B1C72B51400890622 /* TestExtension.app */ = {isa = PBXFileReference; explicitFileType = wrapper.application; includeInIndex = 0; path = TestExtension.app; sourceTree = BUILT_PRODUCTS_DIR; };
		416E447E1C72B51400890622 /* AppDelegate.swift */ = {isa = PBXFileReference; lastKnownFileType = sourcecode.swift; path = AppDelegate.swift; sourceTree = "<group>"; };
		416E44801C72B51400890622 /* ViewController.swift */ = {isa = PBXFileReference; lastKnownFileType = sourcecode.swift; path = ViewController.swift; sourceTree = "<group>"; };
		416E44831C72B51400890622 /* Base */ = {isa = PBXFileReference; lastKnownFileType = file.storyboard; name = Base; path = Base.lproj/Main.storyboard; sourceTree = "<group>"; };
		416E44851C72B51400890622 /* Assets.xcassets */ = {isa = PBXFileReference; lastKnownFileType = folder.assetcatalog; path = Assets.xcassets; sourceTree = "<group>"; };
		416E44881C72B51400890622 /* Base */ = {isa = PBXFileReference; lastKnownFileType = file.storyboard; name = Base; path = Base.lproj/LaunchScreen.storyboard; sourceTree = "<group>"; };
		416E448A1C72B51400890622 /* Info.plist */ = {isa = PBXFileReference; lastKnownFileType = text.plist.xml; path = Info.plist; sourceTree = "<group>"; };
/* End PBXFileReference section */

/* Begin PBXFrameworksBuildPhase section */
		416E44781C72B51400890622 /* Frameworks */ = {
			isa = PBXFrameworksBuildPhase;
			buildActionMask = 2147483647;
			files = (
			);
			runOnlyForDeploymentPostprocessing = 0;
		};
/* End PBXFrameworksBuildPhase section */

/* Begin PBXGroup section */
		416E44721C72B51400890622 = {
			isa = PBXGroup;
			children = (
				416E447D1C72B51400890622 /* TestExtension */,
				416E447C1C72B51400890622 /* Products */,
			);
			sourceTree = "<group>";
		};
		416E447C1C72B51400890622 /* Products */ = {
			isa = PBXGroup;
			children = (
				416E447B1C72B51400890622 /* TestExtension.app */,
			);
			name = Products;
			sourceTree = "<group>";
		};
		416E447D1C72B51400890622 /* TestExtension */ = {
			isa = PBXGroup;
			children = (
				416E447E1C72B51400890622 /* AppDelegate.swift */,
				416E44801C72B51400890622 /* ViewController.swift */,
				416E44821C72B51400890622 /* Main.storyboard */,
				416E44851C72B51400890622 /* Assets.xcassets */,
				416E44871C72B51400890622 /* LaunchScreen.storyboard */,
				416E448A1C72B51400890622 /* Info.plist */,
			);
			path = TestExtension;
			sourceTree = "<group>";
		};
/* End PBXGroup section */

/* Begin PBXNativeTarget section */
		416E447A1C72B51400890622 /* TestExtension */ = {
			isa = PBXNativeTarget;
			buildConfigurationList = 416E448D1C72B51400890622 /* Build configuration list for PBXNativeTarget "TestExtension" */;
			buildPhases = (
				416E44771C72B51400890622 /* Sources */,
				416E44781C72B51400890622 /* Frameworks */,
				416E44791C72B51400890622 /* Resources */,
			);
			buildRules = (
			);
			dependencies = (
			);
			name = TestExtension;
			productName = TestExtension;
			productReference = 416E447B1C72B51400890622 /* TestExtension.app */;
			productType = "com.apple.product-type.application";
		};
/* End PBXNativeTarget section */

/* Begin PBXProject section */
		416E44731C72B51400890622 /* Project object */ = {
			isa = PBXProject;
			attributes = {
				LastSwiftUpdateCheck = 0720;
				LastUpgradeCheck = 0720;
				ORGANIZATIONNAME = Obuseme;
				TargetAttributes = {
					416E447A1C72B51400890622 = {
						CreatedOnToolsVersion = 7.2.1;
					};
				};
			};
			buildConfigurationList = 416E44761C72B51400890622 /* Build configuration list for PBXProject "TestExtension" */;
			compatibilityVersion = "Xcode 3.2";
			developmentRegion = English;
			hasScannedForEncodings = 0;
			knownRegions = (
				en,
				Base,
			);
			mainGroup = 416E44721C72B51400890622;
			productRefGroup = 416E447C1C72B51400890622 /* Products */;
			projectDirPath = "";
			projectRoot = "";
			targets = (
				416E447A1C72B51400890622 /* TestExtension */,
			);
		};
/* End PBXProject section */

/* Begin PBXResourcesBuildPhase section */
		416E44791C72B51400890622 /* Resources */ = {
			isa = PBXResourcesBuildPhase;
			buildActionMask = 2147483647;
			files = (
				416E44891C72B51400890622 /* LaunchScreen.storyboard in Resources */,
				416E44861C72B51400890622 /* Assets.xcassets in Resources */,
				416E44841C72B51400890622 /* Main.storyboard in Resources */,
			);
			runOnlyForDeploymentPostprocessing = 0;
		};
/* End PBXResourcesBuildPhase section */

/* Begin PBXSourcesBuildPhase section */
		416E44771C72B51400890622 /* Sources */ = {
			isa = PBXSourcesBuildPhase;
			buildActionMask = 2147483647;
			files = (
				416E44811C72B51400890622 /* ViewController.swift in Sources */,
				416E447F1C72B51400890622 /* AppDelegate.swift in Sources */,
			);
			runOnlyForDeploymentPostprocessing = 0;
		};
/* End PBXSourcesBuildPhase section */

/* Begin PBXVariantGroup section */
		416E44821C72B51400890622 /* Main.storyboard */ = {
			isa = PBXVariantGroup;
			children = (
				416E44831C72B51400890622 /* Base */,
			);
			name = Main.storyboard;
			sourceTree = "<group>";
		};
		416E44871C72B51400890622 /* LaunchScreen.storyboard */ = {
			isa = PBXVariantGroup;
			children = (
				416E44881C72B51400890622 /* Base */,
			);
			name = LaunchScreen.storyboard;
			sourceTree = "<group>";
		};
/* End PBXVariantGroup section */

/* Begin XCBuildConfiguration section */
		416E448B1C72B51400890622 /* Debug */ = {
			isa = XCBuildConfiguration;
			buildSettings = {
				ALWAYS_SEARCH_USER_PATHS = NO;
				CLANG_CXX_LANGUAGE_STANDARD = "gnu++0x";
				CLANG_CXX_LIBRARY = "libc++";
				CLANG_ENABLE_MODULES = YES;
				CLANG_ENABLE_OBJC_ARC = YES;
				CLANG_WARN_BOOL_CONVERSION = YES;
				CLANG_WARN_CONSTANT_CONVERSION = YES;
				CLANG_WARN_DIRECT_OBJC_ISA_USAGE = YES_ERROR;
				CLANG_WARN_EMPTY_BODY = YES;
				CLANG_WARN_ENUM_CONVERSION = YES;
				CLANG_WARN_INT_CONVERSION = YES;
				CLANG_WARN_OBJC_ROOT_CLASS = YES_ERROR;
				CLANG_WARN_UNREACHABLE_CODE = YES;
				CLANG_WARN__DUPLICATE_METHOD_MATCH = YES;
				"CODE_SIGN_IDENTITY[sdk=iphoneos*]" = "iPhone Developer";
				COPY_PHASE_STRIP = NO;
				DEBUG_INFORMATION_FORMAT = dwarf;
				ENABLE_STRICT_OBJC_MSGSEND = YES;
				ENABLE_TESTABILITY = YES;
				GCC_C_LANGUAGE_STANDARD = gnu99;
				GCC_DYNAMIC_NO_PIC = NO;
				GCC_NO_COMMON_BLOCKS = YES;
				GCC_OPTIMIZATION_LEVEL = 0;
				GCC_PREPROCESSOR_DEFINITIONS = (
					"DEBUG=1",
					"$(inherited)",
				);
				GCC_WARN_64_TO_32_BIT_CONVERSION = YES;
				GCC_WARN_ABOUT_RETURN_TYPE = YES_ERROR;
				GCC_WARN_UNDECLARED_SELECTOR = YES;
				GCC_WARN_UNINITIALIZED_AUTOS = YES_AGGRESSIVE;
				GCC_WARN_UNUSED_FUNCTION = YES;
				GCC_WARN_UNUSED_VARIABLE = YES;
				IPHONEOS_DEPLOYMENT_TARGET = 9.2;
				MTL_ENABLE_DEBUG_INFO = YES;
				ONLY_ACTIVE_ARCH = YES;
				SDKROOT = iphoneos;
				SWIFT_OPTIMIZATION_LEVEL = "-Onone";
				TARGETED_DEVICE_FAMILY = "1,2";
			};
			name = Debug;
		};
		416E448C1C72B51400890622 /* Release */ = {
			isa = XCBuildConfiguration;
			buildSettings = {
				ALWAYS_SEARCH_USER_PATHS = NO;
				CLANG_CXX_LANGUAGE_STANDARD = "gnu++0x";
				CLANG_CXX_LIBRARY = "libc++";
				CLANG_ENABLE_MODULES = YES;
				CLANG_ENABLE_OBJC_ARC = YES;
				CLANG_WARN_BOOL_CONVERSION = YES;
				CLANG_WARN_CONSTANT_CONVERSION = YES;
				CLANG_WARN_DIRECT_OBJC_ISA_USAGE = YES_ERROR;
				CLANG_WARN_EMPTY_BODY = YES;
				CLANG_WARN_ENUM_CONVERSION = YES;
				CLANG_WARN_INT_CONVERSION = YES;
				CLANG_WARN_OBJC_ROOT_CLASS = YES_ERROR;
				CLANG_WARN_UNREACHABLE_CODE = YES;
				CLANG_WARN__DUPLICATE_METHOD_MATCH = YES;
				"CODE_SIGN_IDENTITY[sdk=iphoneos*]" = "iPhone Developer";
				COPY_PHASE_STRIP = NO;
				DEBUG_INFORMATION_FORMAT = "dwarf-with-dsym";
				ENABLE_NS_ASSERTIONS = NO;
				ENABLE_STRICT_OBJC_MSGSEND = YES;
				GCC_C_LANGUAGE_STANDARD = gnu99;
				GCC_NO_COMMON_BLOCKS = YES;
				GCC_WARN_64_TO_32_BIT_CONVERSION = YES;
				GCC_WARN_ABOUT_RETURN_TYPE = YES_ERROR;
				GCC_WARN_UNDECLARED_SELECTOR = YES;
				GCC_WARN_UNINITIALIZED_AUTOS = YES_AGGRESSIVE;
				GCC_WARN_UNUSED_FUNCTION = YES;
				GCC_WARN_UNUSED_VARIABLE = YES;
				IPHONEOS_DEPLOYMENT_TARGET = 9.2;
				MTL_ENABLE_DEBUG_INFO = NO;
				SDKROOT = iphoneos;
				TARGETED_DEVICE_FAMILY = "1,2";
				VALIDATE_PRODUCT = YES;
			};
			name = Release;
		};
		416E448E1C72B51400890622 /* Debug */ = {
			isa = XCBuildConfiguration;
			buildSettings = {
				ASSETCATALOG_COMPILER_APPICON_NAME = AppIcon;
				INFOPLIST_FILE = TestExtension/Info.plist;
				LD_RUNPATH_SEARCH_PATHS = "$(inherited) @executable_path/Frameworks";
				PRODUCT_BUNDLE_IDENTIFIER = com.obuseme.TestExtension;
				PRODUCT_NAME = "$(TARGET_NAME)";
			};
			name = Debug;
		};
		416E448F1C72B51400890622 /* Release */ = {
			isa = XCBuildConfiguration;
			buildSettings = {
				ASSETCATALOG_COMPILER_APPICON_NAME = AppIcon;
				INFOPLIST_FILE = TestExtension/Info.plist;
				LD_RUNPATH_SEARCH_PATHS = "$(inherited) @executable_path/Frameworks";
				PRODUCT_BUNDLE_IDENTIFIER = com.obuseme.TestExtension;
				PRODUCT_NAME = "$(TARGET_NAME)";
			};
			name = Release;
		};
/* End XCBuildConfiguration section */

/* Begin XCConfigurationList section */
		416E44761C72B51400890622 /* Build configuration list for PBXProject "TestExtension" */ = {
			isa = XCConfigurationList;
			buildConfigurations = (
				416E448B1C72B51400890622 /* Debug */,
				416E448C1C72B51400890622 /* Release */,
			);
			defaultConfigurationIsVisible = 0;
			defaultConfigurationName = Release;
		};
		416E448D1C72B51400890622 /* Build configuration list for PBXNativeTarget "TestExtension" */ = {
			isa = XCConfigurationList;
			buildConfigurations = (
				416E448E1C72B51400890622 /* Debug */,
				416E448F1C72B51400890622 /* Release */,
			);
			defaultConfigurationIsVisible = 0;
		};
/* End XCConfigurationList section */
	};
	rootObject = 416E44731C72B51400890622 /* Project object */;
}
